
Microsoft Visual Studio Solution File, Format Version 12.00
# Visual Studio Version 16
VisualStudioVersion = 16.0.30309.148
MinimumVisualStudioVersion = 10.0.40219.1
Project("{FAE04EC0-301F-11D3-BF4B-00C04F79EFBC}") = "MDoors", "MDoors\MDoors.csproj", "{5EAE51C4-5C8C-4B78-8F62-B982ADBEDFC1}"
EndProject
Global
	GlobalSection(SolutionConfigurationPlatforms) = preSolution
		Debug|Any CPU = Debug|Any CPU
		Release|Any CPU = Release|Any CPU
	EndGlobalSection
	GlobalSection(ProjectConfigurationPlatforms) = postSolution
		{5EAE51C4-5C8C-4B78-8F62-B982ADBEDFC1}.Debug|Any CPU.ActiveCfg = Debug|Any CPU
		{5EAE51C4-5C8C-4B78-8F62-B982ADBEDFC1}.Debug|Any CPU.Build.0 = Debug|Any CPU
		{5EAE51C4-5C8C-4B78-8F62-B982ADBEDFC1}.Release|Any CPU.ActiveCfg = Release|Any CPU
		{5EAE51C4-5C8C-4B78-8F62-B982ADBEDFC1}.Release|Any CPU.Build.0 = Release|Any CPU
	EndGlobalSection
	GlobalSection(SolutionProperties) = preSolution
		HideSolutionNode = FALSE
	EndGlobalSection
	GlobalSection(ExtensibilityGlobals) = postSolution
		SolutionGuid = {B44D8B2F-4EB9-4484-8EBF-1851599514FB}
	EndGlobalSection
EndGlobal
